<?xml version="1.0" encoding="utf-8"?>
<Project ToolsVersion="4.0" xmlns="http://schemas.microsoft.com/developer/msbuild/2003">
  <ItemGroup>
    <Filter Include="Source Files">
      <UniqueIdentifier>{4FC737F1-C7A5-4376-A066-2A32D752A2FF}</UniqueIdentifier>
      <Extensions>cpp;c;cc;cxx;def;odl;idl;hpj;bat;asm;asmx</Extensions>
    </Filter>
    <Filter Include="Header Files">
      <UniqueIdentifier>{93995380-89BD-4b04-88EB-625FBE52EBFB}</UniqueIdentifier>
      <Extensions>h;hh;hpp;hxx;hm;inl;inc;xsd</Extensions>
    </Filter>
    <Filter Include="Resource Files">
      <UniqueIdentifier>{67DA6AB6-F800-4c08-8B7A-83BB121AAD01}</UniqueIdentifier>
      <Extensions>rc;ico;cur;bmp;dlg;rc2;rct;bin;rgs;gif;jpg;jpeg;jpe;resx;tiff;tif;png;wav;mfcribbon-ms</Extensions>
    </Filter>
  </ItemGroup>
  <ItemGroup>
    <Text Include="ReadMe.txt" />
  </ItemGroup>
  <ItemGroup>
    <ClCompile Include="ReceiverUnit.cpp">
      <Filter>Source Files</Filter>
    </ClCompile>
    <ClCompile Include="SharedQueue.cpp">
      <Filter>Source Files</Filter>
    </ClCompile>
    <ClCompile Include="AlertProcessingUnit.cpp">
      <Filter>Source Files</Filter>
    </ClCompile>
    <ClCompile Include="json11.cpp">
      <Filter>Source Files</Filter>
    </ClCompile>
    <ClCompile Include="AlertingUnit.cpp">
      <Filter>Source Files</Filter>
    </ClCompile>
    <ClCompile Include="AlertingSystemModes.cpp">
      <Filter>Source Files</Filter>
    </ClCompile>
    <ClCompile Include="DeviceRepository.cpp">
      <Filter>Source Files</Filter>
    </ClCompile>
    <ClCompile Include="VitalsRepository.cpp">
      <Filter>Source Files</Filter>
    </ClCompile>
    <ClCompile Include="PatientRegistrationUnit.cpp">
      <Filter>Source Files</Filter>
    </ClCompile>
    <ClCompile Include="PatientRepository.cpp">
      <Filter>Resource Files</Filter>
    </ClCompile>
    <ClCompile Include="DeviceRegistrationUnit.cpp">
      <Filter>Source Files</Filter>
    </ClCompile>
    <ClCompile Include="ConsoleInputOutput.cpp">
      <Filter>Source Files</Filter>
    </ClCompile>
  </ItemGroup>
  <ItemGroup>
    <ClInclude Include="Alerts.h">
      <Filter>Header Files</Filter>
    </ClInclude>
    <ClInclude Include="Device.h">
      <Filter>Header Files</Filter>
    </ClInclude>
    <ClInclude Include="IDeviceRepository.h">
      <Filter>Header Files</Filter>
    </ClInclude>
    <ClInclude Include="IPatientRepository.h">
      <Filter>Header Files</Filter>
    </ClInclude>
    <ClInclude Include="IVitalsRepository.h">
      <Filter>Header Files</Filter>
    </ClInclude>
    <ClInclude Include="Patient.h">
      <Filter>Header Files</Filter>
    </ClInclude>
    <ClInclude Include="PatientVitals.h">
      <Filter>Header Files</Filter>
    </ClInclude>
    <ClInclude Include="ReceiverUnit.h">
      <Filter>Header Files</Filter>
    </ClInclude>
    <ClInclude Include="SharedQueue.h">
      <Filter>Header Files</Filter>
    </ClInclude>
    <ClInclude Include="AlertProcessingUnit.h">
      <Filter>Header Files</Filter>
    </ClInclude>
    <ClInclude Include="json11.hpp">
      <Filter>Header Files</Filter>
    </ClInclude>
    <ClInclude Include="AlertingUnit.h">
      <Filter>Header Files</Filter>
    </ClInclude>
    <ClInclude Include="AlertingSystemModes.h">
      <Filter>Header Files</Filter>
    </ClInclude>
    <ClInclude Include="DeviceRepository.h">
      <Filter>Header Files</Filter>
    </ClInclude>
    <ClInclude Include="VitalsRepository.h">
      <Filter>Header Files</Filter>
    </ClInclude>
    <ClInclude Include="PatientRegistrationUnit.h">
      <Filter>Header Files</Filter>
    </ClInclude>
    <ClInclude Include="PatientRepository.h">
      <Filter>Resource Files</Filter>
    </ClInclude>
    <ClInclude Include="DeviceRegistrationUnit.h">
      <Filter>Header Files</Filter>
    </ClInclude>
    <ClInclude Include="IInputOutputUnit.h">
      <Filter>Header Files</Filter>
    </ClInclude>
    <ClInclude Include="ConsoleInputOutput.h">
      <Filter>Header Files</Filter>
    </ClInclude>
  </ItemGroup>
</Project>